<?xml version="1.0" encoding="utf-8"?>
<Project ToolsVersion="4.0" xmlns="http://schemas.microsoft.com/developer/msbuild/2003">
  <ItemGroup>
    <ClCompile Include="Render\Camera.cpp">
      <Filter>Render</Filter>
    </ClCompile>
    <ClCompile Include="Render\Render.cpp">
      <Filter>Render</Filter>
    </ClCompile>
    <ClCompile Include="RenderUtils.cpp" />
    <ClCompile Include="main.cpp" />
    <ClCompile Include="callbacks.cpp" />
    <ClCompile Include="Sim\Math\Vector3D.cpp">
      <Filter>Sim\Math</Filter>
    </ClCompile>
    <ClCompile Include="Sim\Particles\Particle.cpp">
      <Filter>Sim\Particles</Filter>
    </ClCompile>
    <ClCompile Include="Sim\Particles\ProjectileManager.cpp">
      <Filter>Sim\Particles</Filter>
    </ClCompile>
    <ClCompile Include="Sim\Particles\Emitter.cpp">
      <Filter>Sim\Particles</Filter>
    </ClCompile>
    <ClCompile Include="Sim\Particles\ParticleSystem.cpp">
      <Filter>Sim\Particles</Filter>
    </ClCompile>
    <ClCompile Include="Sim\Particles\Forces\ForceGenerator.cpp">
      <Filter>Sim\Particles\Forces</Filter>
    </ClCompile>
    <ClCompile Include="Sim\Particles\Forces\GravityForce.cpp">
      <Filter>Sim\Particles\Forces</Filter>
    </ClCompile>
    <ClCompile Include="Sim\Particles\Forces\WindForce.cpp">
      <Filter>Sim\Particles\Forces</Filter>
    </ClCompile>
    <ClCompile Include="Sim\Particles\Forces\VortexForce.cpp">
      <Filter>Sim\Particles\Forces</Filter>
    </ClCompile>
    <ClCompile Include="Sim\Particles\Forces\ExplosionForce.cpp">
      <Filter>Sim\Particles\Forces</Filter>
    </ClCompile>
  </ItemGroup>
  <ItemGroup>
    <ClInclude Include="core.hpp" />
    <ClInclude Include="Render\Camera.h">
      <Filter>Render</Filter>
    </ClInclude>
    <ClInclude Include="Render\Render.h">
      <Filter>Render</Filter>
    </ClInclude>
    <ClInclude Include="RenderUtils.hpp" />
    <ClInclude Include="callbacks.hpp" />
    <ClInclude Include="Sim\Math\Vector3D.h">
      <Filter>Sim\Math</Filter>
    </ClInclude>
    <ClInclude Include="Sim\Particles\Particle.h">
      <Filter>Sim\Particles</Filter>
    </ClInclude>
    <ClInclude Include="Sim\Particles\ProjectileManager.h">
      <Filter>Sim\Particles</Filter>
    </ClInclude>
    <ClInclude Include="Sim\Particles\Distributions.h">
      <Filter>Sim\Particles</Filter>
    </ClInclude>
    <ClInclude Include="Sim\Particles\Emitter.h">
      <Filter>Sim\Particles</Filter>
    </ClInclude>
    <ClInclude Include="Sim\Particles\ParticleSystem.h">
      <Filter>Sim\Particles</Filter>
    </ClInclude>
    <ClInclude Include="Sim\Particles\Forces\ForceGenerator.h">
      <Filter>Sim\Particles\Forces</Filter>
    </ClInclude>
    <ClInclude Include="Sim\Particles\Forces\GravityForce.h">
      <Filter>Sim\Particles\Forces</Filter>
    </ClInclude>
    <ClInclude Include="Sim\Particles\Forces\WindForce.h">
      <Filter>Sim\Particles\Forces</Filter>
    </ClInclude>
    <ClInclude Include="Sim\Particles\Forces\VortexForce.h">
      <Filter>Sim\Particles\Forces</Filter>
    </ClInclude>
    <ClInclude Include="Sim\Particles\Forces\ExplosionForce.h">
      <Filter>Sim\Particles\Forces</Filter>
    </ClInclude>
    <ClInclude Include="Sim\Utils\AABB.h">
      <Filter>Sim\Utils</Filter>
    </ClInclude>
  </ItemGroup>
  <ItemGroup>
    <Filter Include="Render">
      <UniqueIdentifier>{d04b4f9f-5a69-465e-8070-25c6d0bcd3c2}</UniqueIdentifier>
    </Filter>
    <Filter Include="Sim">
      <UniqueIdentifier>{8f3f4778-b521-4ab7-882b-223acef2bdd1}</UniqueIdentifier>
    </Filter>
    <Filter Include="Sim\Math">
      <UniqueIdentifier>{6bfc6da7-6150-4705-9947-70eba44f69ea}</UniqueIdentifier>
    </Filter>
    <Filter Include="Sim\Particles">
      <UniqueIdentifier>{bccf9509-5566-416f-9d3c-0a37f5a5b289}</UniqueIdentifier>
    </Filter>
    <Filter Include="Sim\Particles\Forces">
      <UniqueIdentifier>{795b5b23-f963-4c4b-aa66-77f00ba4b52a}</UniqueIdentifier>
    </Filter>
    <Filter Include="Sim\Utils">
      <UniqueIdentifier>{08805edd-a50a-4085-86c7-87dd1fb077cf}</UniqueIdentifier>
    </Filter>
  </ItemGroup>
</Project>